
Microsoft Visual Studio Solution File, Format Version 12.00
# Visual Studio Version 17
VisualStudioVersion = 17.8.34316.72
MinimumVisualStudioVersion = 10.0.40219.1
Project("{FAE04EC0-301F-11D3-BF4B-00C04F79EFBC}") = "Projekt", "Projekt.csproj", "{1DC62B76-E917-4563-B737-326201C435C6}"
EndProject
Global
	GlobalSection(SolutionConfigurationPlatforms) = preSolution
		Debug|Any CPU = Debug|Any CPU
		Release|Any CPU = Release|Any CPU
	EndGlobalSection
	GlobalSection(ProjectConfigurationPlatforms) = postSolution
		{1DC62B76-E917-4563-B737-326201C435C6}.Debug|Any CPU.ActiveCfg = Debug|Any CPU
		{1DC62B76-E917-4563-B737-326201C435C6}.Debug|Any CPU.Build.0 = Debug|Any CPU
		{1DC62B76-E917-4563-B737-326201C435C6}.Release|Any CPU.ActiveCfg = Release|Any CPU
		{1DC62B76-E917-4563-B737-326201C435C6}.Release|Any CPU.Build.0 = Release|Any CPU
	EndGlobalSection
	GlobalSection(SolutionProperties) = preSolution
		HideSolutionNode = FALSE
	EndGlobalSection
	GlobalSection(ExtensibilityGlobals) = postSolution
		SolutionGuid = {B03D7348-9C2E-4C17-8EB3-F3875A046C48}
	EndGlobalSection
EndGlobal
